// !$*UTF8*$!
{
	archiveVersion = 1;
	classes = {
	};
	objectVersion = 46;
	objects = {

/* Begin PBXBuildFile section */
		282F14DE1E6F08DE0014DA3D /* Main.storyboard in Resources */ = {isa = PBXBuildFile; fileRef = 282F14DC1E6F08DE0014DA3D /* Main.storyboard */; };
		282F14E01E6F08DE0014DA3D /* Assets.xcassets in Resources */ = {isa = PBXBuildFile; fileRef = 282F14DF1E6F08DE0014DA3D /* Assets.xcassets */; };
		282F14E31E6F08DE0014DA3D /* LaunchScreen.storyboard in Resources */ = {isa = PBXBuildFile; fileRef = 282F14E11E6F08DE0014DA3D /* LaunchScreen.storyboard */; };
		282F14FB1E6F165C0014DA3D /* ViewController.m in Sources */ = {isa = PBXBuildFile; fileRef = 282F14F51E6F165C0014DA3D /* ViewController.m */; };
		282F14FC1E6F165C0014DA3D /* AppDelegate.m in Sources */ = {isa = PBXBuildFile; fileRef = 282F14F91E6F165C0014DA3D /* AppDelegate.m */; };
		282F14FD1E6F165C0014DA3D /* main.m in Sources */ = {isa = PBXBuildFile; fileRef = 282F14FA1E6F165C0014DA3D /* main.m */; };
		282F15001E6F16E00014DA3D /* LiveViewController.m in Sources */ = {isa = PBXBuildFile; fileRef = 282F14FF1E6F16E00014DA3D /* LiveViewController.m */; };
		282F15031E6FF1200014DA3D /* KxMenu.m in Sources */ = {isa = PBXBuildFile; fileRef = 282F15021E6FF1200014DA3D /* KxMenu.m */; };
		B458546FDEDE2317C70BFFC2 /* libPods-QP_Live.a in Frameworks */ = {isa = PBXBuildFile; fileRef = 0A0BE885ED19A3BD6000BDEE /* libPods-QP_Live.a */; };
/* End PBXBuildFile section */

/* Begin PBXFileReference section */
		0A0BE885ED19A3BD6000BDEE /* libPods-QP_Live.a */ = {isa = PBXFileReference; explicitFileType = archive.ar; includeInIndex = 0; path = "libPods-QP_Live.a"; sourceTree = BUILT_PRODUCTS_DIR; };
		282F14D01E6F08DE0014DA3D /* QP_Live.app */ = {isa = PBXFileReference; explicitFileType = wrapper.application; includeInIndex = 0; path = QP_Live.app; sourceTree = BUILT_PRODUCTS_DIR; };
		282F14DD1E6F08DE0014DA3D /* Base */ = {isa = PBXFileReference; lastKnownFileType = file.storyboard; name = Base; path = Base.lproj/Main.storyboard; sourceTree = "<group>"; };
		282F14DF1E6F08DE0014DA3D /* Assets.xcassets */ = {isa = PBXFileReference; lastKnownFileType = folder.assetcatalog; path = Assets.xcassets; sourceTree = "<group>"; };
		282F14E21E6F08DE0014DA3D /* Base */ = {isa = PBXFileReference; lastKnownFileType = file.storyboard; name = Base; path = Base.lproj/LaunchScreen.storyboard; sourceTree = "<group>"; };
		282F14E41E6F08DE0014DA3D /* Info.plist */ = {isa = PBXFileReference; lastKnownFileType = text.plist.xml; path = Info.plist; sourceTree = "<group>"; };
		282F14F41E6F165C0014DA3D /* ViewController.h */ = {isa = PBXFileReference; fileEncoding = 4; lastKnownFileType = sourcecode.c.h; path = ViewController.h; sourceTree = "<group>"; };
		282F14F51E6F165C0014DA3D /* ViewController.m */ = {isa = PBXFileReference; fileEncoding = 4; lastKnownFileType = sourcecode.c.objc; path = ViewController.m; sourceTree = "<group>"; };
		282F14F81E6F165C0014DA3D /* AppDelegate.h */ = {isa = PBXFileReference; fileEncoding = 4; lastKnownFileType = sourcecode.c.h; path = AppDelegate.h; sourceTree = "<group>"; };
		282F14F91E6F165C0014DA3D /* AppDelegate.m */ = {isa = PBXFileReference; fileEncoding = 4; lastKnownFileType = sourcecode.c.objc; path = AppDelegate.m; sourceTree = "<group>"; };
		282F14FA1E6F165C0014DA3D /* main.m */ = {isa = PBXFileReference; fileEncoding = 4; lastKnownFileType = sourcecode.c.objc; path = main.m; sourceTree = "<group>"; };
		282F14FE1E6F16E00014DA3D /* LiveViewController.h */ = {isa = PBXFileReference; fileEncoding = 4; lastKnownFileType = sourcecode.c.h; path = LiveViewController.h; sourceTree = "<group>"; };
		282F14FF1E6F16E00014DA3D /* LiveViewController.m */ = {isa = PBXFileReference; fileEncoding = 4; lastKnownFileType = sourcecode.c.objc; path = LiveViewController.m; sourceTree = "<group>"; };
		282F15011E6FF1200014DA3D /* KxMenu.h */ = {isa = PBXFileReference; fileEncoding = 4; lastKnownFileType = sourcecode.c.h; path = KxMenu.h; sourceTree = "<group>"; };
		282F15021E6FF1200014DA3D /* KxMenu.m */ = {isa = PBXFileReference; fileEncoding = 4; lastKnownFileType = sourcecode.c.objc; path = KxMenu.m; sourceTree = "<group>"; };
		313EA7246697FCBED1FBE10F /* Pods-QP_Live.release.xcconfig */ = {isa = PBXFileReference; includeInIndex = 1; lastKnownFileType = text.xcconfig; name = "Pods-QP_Live.release.xcconfig"; path = "Pods/Target Support Files/Pods-QP_Live/Pods-QP_Live.release.xcconfig"; sourceTree = "<group>"; };
		BBBE090795F1FF0AB4AE0F1B /* Pods-QP_Live.debug.xcconfig */ = {isa = PBXFileReference; includeInIndex = 1; lastKnownFileType = text.xcconfig; name = "Pods-QP_Live.debug.xcconfig"; path = "Pods/Target Support Files/Pods-QP_Live/Pods-QP_Live.debug.xcconfig"; sourceTree = "<group>"; };
/* End PBXFileReference section */

/* Begin PBXFrameworksBuildPhase section */
		282F14CD1E6F08DD0014DA3D /* Frameworks */ = {
			isa = PBXFrameworksBuildPhase;
			buildActionMask = 2147483647;
			files = (
				B458546FDEDE2317C70BFFC2 /* libPods-QP_Live.a in Frameworks */,
			);
			runOnlyForDeploymentPostprocessing = 0;
		};
/* End PBXFrameworksBuildPhase section */

/* Begin PBXGroup section */
		282F14C71E6F08DD0014DA3D = {
			isa = PBXGroup;
			children = (
				282F14D21E6F08DE0014DA3D /* QP_Live */,
				282F14D11E6F08DE0014DA3D /* Products */,
				B11BF5AB4AA2A5422D09765D /* Pods */,
				62D3BA63F2290205000D517A /* Frameworks */,
			);
			sourceTree = "<group>";
		};
		282F14D11E6F08DE0014DA3D /* Products */ = {
			isa = PBXGroup;
			children = (
				282F14D01E6F08DE0014DA3D /* QP_Live.app */,
			);
			name = Products;
			sourceTree = "<group>";
		};
		282F14D21E6F08DE0014DA3D /* QP_Live */ = {
			isa = PBXGroup;
			children = (
				282F14EA1E6F15F60014DA3D /* Classes */,
				282F14D31E6F08DE0014DA3D /* Supporting Files */,
			);
			path = QP_Live;
			sourceTree = "<group>";
		};
		282F14D31E6F08DE0014DA3D /* Supporting Files */ = {
			isa = PBXGroup;
			children = (
				282F14DC1E6F08DE0014DA3D /* Main.storyboard */,
				282F14DF1E6F08DE0014DA3D /* Assets.xcassets */,
				282F14E11E6F08DE0014DA3D /* LaunchScreen.storyboard */,
				282F14E41E6F08DE0014DA3D /* Info.plist */,
			);
			name = "Supporting Files";
			sourceTree = "<group>";
		};
		282F14EA1E6F15F60014DA3D /* Classes */ = {
			isa = PBXGroup;
			children = (
				282F14F31E6F165C0014DA3D /* Home */,
				282F14F61E6F165C0014DA3D /* Live */,
				282F14F71E6F165C0014DA3D /* Other */,
			);
			path = Classes;
			sourceTree = "<group>";
		};
		282F14F31E6F165C0014DA3D /* Home */ = {
			isa = PBXGroup;
			children = (
				282F14F41E6F165C0014DA3D /* ViewController.h */,
				282F14F51E6F165C0014DA3D /* ViewController.m */,
			);
			path = Home;
			sourceTree = "<group>";
		};
		282F14F61E6F165C0014DA3D /* Live */ = {
			isa = PBXGroup;
			children = (
				282F15011E6FF1200014DA3D /* KxMenu.h */,
				282F15021E6FF1200014DA3D /* KxMenu.m */,
				282F14FE1E6F16E00014DA3D /* LiveViewController.h */,
				282F14FF1E6F16E00014DA3D /* LiveViewController.m */,
			);
			path = Live;
			sourceTree = "<group>";
		};
		282F14F71E6F165C0014DA3D /* Other */ = {
			isa = PBXGroup;
			children = (
				282F14F81E6F165C0014DA3D /* AppDelegate.h */,
				282F14F91E6F165C0014DA3D /* AppDelegate.m */,
				282F14FA1E6F165C0014DA3D /* main.m */,
			);
			path = Other;
			sourceTree = "<group>";
		};
		62D3BA63F2290205000D517A /* Frameworks */ = {
			isa = PBXGroup;
			children = (
				0A0BE885ED19A3BD6000BDEE /* libPods-QP_Live.a */,
			);
			name = Frameworks;
			sourceTree = "<group>";
		};
		B11BF5AB4AA2A5422D09765D /* Pods */ = {
			isa = PBXGroup;
			children = (
				BBBE090795F1FF0AB4AE0F1B /* Pods-QP_Live.debug.xcconfig */,
				313EA7246697FCBED1FBE10F /* Pods-QP_Live.release.xcconfig */,
			);
			name = Pods;
			sourceTree = "<group>";
		};
/* End PBXGroup section */

/* Begin PBXNativeTarget section */
		282F14CF1E6F08DD0014DA3D /* QP_Live */ = {
			isa = PBXNativeTarget;
			buildConfigurationList = 282F14E71E6F08DE0014DA3D /* Build configuration list for PBXNativeTarget "QP_Live" */;
			buildPhases = (
				3B516F9BB8DC791BCC6F12D4 /* [CP] Check Pods Manifest.lock */,
				282F14CC1E6F08DD0014DA3D /* Sources */,
				282F14CD1E6F08DD0014DA3D /* Frameworks */,
				282F14CE1E6F08DD0014DA3D /* Resources */,
				02DAD08481B4D9C9EA9BF5C9 /* [CP] Embed Pods Frameworks */,
				408B3604595593D43D3194F7 /* [CP] Copy Pods Resources */,
			);
			buildRules = (
			);
			dependencies = (
			);
			name = QP_Live;
			productName = QP_Live;
			productReference = 282F14D01E6F08DE0014DA3D /* QP_Live.app */;
			productType = "com.apple.product-type.application";
		};
/* End PBXNativeTarget section */

/* Begin PBXProject section */
		282F14C81E6F08DD0014DA3D /* Project object */ = {
			isa = PBXProject;
			attributes = {
				LastUpgradeCheck = 0820;
				ORGANIZATIONNAME = JackieQu;
				TargetAttributes = {
					282F14CF1E6F08DD0014DA3D = {
						CreatedOnToolsVersion = 8.2.1;
						DevelopmentTeam = 8E5A83P9AJ;
						ProvisioningStyle = Automatic;
					};
				};
			};
			buildConfigurationList = 282F14CB1E6F08DD0014DA3D /* Build configuration list for PBXProject "QP_Live" */;
			compatibilityVersion = "Xcode 3.2";
			developmentRegion = English;
			hasScannedForEncodings = 0;
			knownRegions = (
				en,
				Base,
			);
			mainGroup = 282F14C71E6F08DD0014DA3D;
			productRefGroup = 282F14D11E6F08DE0014DA3D /* Products */;
			projectDirPath = "";
			projectRoot = "";
			targets = (
				282F14CF1E6F08DD0014DA3D /* QP_Live */,
			);
		};
/* End PBXProject section */

/* Begin PBXResourcesBuildPhase section */
		282F14CE1E6F08DD0014DA3D /* Resources */ = {
			isa = PBXResourcesBuildPhase;
			buildActionMask = 2147483647;
			files = (
				282F14E31E6F08DE0014DA3D /* LaunchScreen.storyboard in Resources */,
				282F14E01E6F08DE0014DA3D /* Assets.xcassets in Resources */,
				282F14DE1E6F08DE0014DA3D /* Main.storyboard in Resources */,
			);
			runOnlyForDeploymentPostprocessing = 0;
		};
/* End PBXResourcesBuildPhase section */

/* Begin PBXShellScriptBuildPhase section */
		02DAD08481B4D9C9EA9BF5C9 /* [CP] Embed Pods Frameworks */ = {
			isa = PBXShellScriptBuildPhase;
			buildActionMask = 2147483647;
			files = (
			);
			inputPaths = (
			);
			name = "[CP] Embed Pods Frameworks";
			outputPaths = (
			);
			runOnlyForDeploymentPostprocessing = 0;
			shellPath = /bin/sh;
			shellScript = "\"${SRCROOT}/Pods/Target Support Files/Pods-QP_Live/Pods-QP_Live-frameworks.sh\"\n";
			showEnvVarsInLog = 0;
		};
		3B516F9BB8DC791BCC6F12D4 /* [CP] Check Pods Manifest.lock */ = {
			isa = PBXShellScriptBuildPhase;
			buildActionMask = 2147483647;
			files = (
			);
			inputPaths = (
			);
			name = "[CP] Check Pods Manifest.lock";
			outputPaths = (
			);
			runOnlyForDeploymentPostprocessing = 0;
			shellPath = /bin/sh;
			shellScript = "diff \"${PODS_ROOT}/../Podfile.lock\" \"${PODS_ROOT}/Manifest.lock\" > /dev/null\nif [ $? != 0 ] ; then\n    # print error to STDERR\n    echo \"error: The sandbox is not in sync with the Podfile.lock. Run 'pod install' or update your CocoaPods installation.\" >&2\n    exit 1\nfi\n";
			showEnvVarsInLog = 0;
		};
		408B3604595593D43D3194F7 /* [CP] Copy Pods Resources */ = {
			isa = PBXShellScriptBuildPhase;
			buildActionMask = 2147483647;
			files = (
			);
			inputPaths = (
			);
			name = "[CP] Copy Pods Resources";
			outputPaths = (
			);
			runOnlyForDeploymentPostprocessing = 0;
			shellPath = /bin/sh;
			shellScript = "\"${SRCROOT}/Pods/Target Support Files/Pods-QP_Live/Pods-QP_Live-resources.sh\"\n";
			showEnvVarsInLog = 0;
		};
/* End PBXShellScriptBuildPhase section */

/* Begin PBXSourcesBuildPhase section */
		282F14CC1E6F08DD0014DA3D /* Sources */ = {
			isa = PBXSourcesBuildPhase;
			buildActionMask = 2147483647;
			files = (
				282F14FC1E6F165C0014DA3D /* AppDelegate.m in Sources */,
				282F14FD1E6F165C0014DA3D /* main.m in Sources */,
				282F15031E6FF1200014DA3D /* KxMenu.m in Sources */,
				282F15001E6F16E00014DA3D /* LiveViewController.m in Sources */,
				282F14FB1E6F165C0014DA3D /* ViewController.m in Sources */,
			);
			runOnlyForDeploymentPostprocessing = 0;
		};
/* End PBXSourcesBuildPhase section */

/* Begin PBXVariantGroup section */
		282F14DC1E6F08DE0014DA3D /* Main.storyboard */ = {
			isa = PBXVariantGroup;
			children = (
				282F14DD1E6F08DE0014DA3D /* Base */,
			);
			name = Main.storyboard;
			sourceTree = "<group>";
		};
		282F14E11E6F08DE0014DA3D /* LaunchScreen.storyboard */ = {
			isa = PBXVariantGroup;
			children = (
				282F14E21E6F08DE0014DA3D /* Base */,
			);
			name = LaunchScreen.storyboard;
			sourceTree = "<group>";
		};
/* End PBXVariantGroup section */

/* Begin XCBuildConfiguration section */
		282F14E51E6F08DE0014DA3D /* Debug */ = {
			isa = XCBuildConfiguration;
			buildSettings = {
				ALWAYS_SEARCH_USER_PATHS = NO;
				CLANG_ANALYZER_NONNULL = YES;
				CLANG_CXX_LANGUAGE_STANDARD = "gnu++0x";
				CLANG_CXX_LIBRARY = "libc++";
				CLANG_ENABLE_MODULES = YES;
				CLANG_ENABLE_OBJC_ARC = YES;
				CLANG_WARN_BOOL_CONVERSION = YES;
				CLANG_WARN_CONSTANT_CONVERSION = YES;
				CLANG_WARN_DIRECT_OBJC_ISA_USAGE = YES_ERROR;
				CLANG_WARN_DOCUMENTATION_COMMENTS = YES;
				CLANG_WARN_EMPTY_BODY = YES;
				CLANG_WARN_ENUM_CONVERSION = YES;
				CLANG_WARN_INFINITE_RECURSION = YES;
				CLANG_WARN_INT_CONVERSION = YES;
				CLANG_WARN_OBJC_ROOT_CLASS = YES_ERROR;
				CLANG_WARN_SUSPICIOUS_MOVE = YES;
				CLANG_WARN_UNREACHABLE_CODE = YES;
				CLANG_WARN__DUPLICATE_METHOD_MATCH = YES;
				"CODE_SIGN_IDENTITY[sdk=iphoneos*]" = "iPhone Developer";
				COPY_PHASE_STRIP = NO;
				DEBUG_INFORMATION_FORMAT = dwarf;
				ENABLE_STRICT_OBJC_MSGSEND = YES;
				ENABLE_TESTABILITY = YES;
				GCC_C_LANGUAGE_STANDARD = gnu99;
				GCC_DYNAMIC_NO_PIC = NO;
				GCC_NO_COMMON_BLOCKS = YES;
				GCC_OPTIMIZATION_LEVEL = 0;
				GCC_PREPROCESSOR_DEFINITIONS = (
					"DEBUG=1",
					"$(inherited)",
				);
				GCC_WARN_64_TO_32_BIT_CONVERSION = YES;
				GCC_WARN_ABOUT_RETURN_TYPE = YES_ERROR;
				GCC_WARN_UNDECLARED_SELECTOR = YES;
				GCC_WARN_UNINITIALIZED_AUTOS = YES_AGGRESSIVE;
				GCC_WARN_UNUSED_FUNCTION = YES;
				GCC_WARN_UNUSED_VARIABLE = YES;
				IPHONEOS_DEPLOYMENT_TARGET = 10.2;
				MTL_ENABLE_DEBUG_INFO = YES;
				ONLY_ACTIVE_ARCH = YES;
				SDKROOT = iphoneos;
			};
			name = Debug;
		};
		282F14E61E6F08DE0014DA3D /* Release */ = {
			isa = XCBuildConfiguration;
			buildSettings = {
				ALWAYS_SEARCH_USER_PATHS = NO;
				CLANG_ANALYZER_NONNULL = YES;
				CLANG_CXX_LANGUAGE_STANDARD = "gnu++0x";
				CLANG_CXX_LIBRARY = "libc++";
				CLANG_ENABLE_MODULES = YES;
				CLANG_ENABLE_OBJC_ARC = YES;
				CLANG_WARN_BOOL_CONVERSION = YES;
				CLANG_WARN_CONSTANT_CONVERSION = YES;
				CLANG_WARN_DIRECT_OBJC_ISA_USAGE = YES_ERROR;
				CLANG_WARN_DOCUMENTATION_COMMENTS = YES;
				CLANG_WARN_EMPTY_BODY = YES;
				CLANG_WARN_ENUM_CONVERSION = YES;
				CLANG_WARN_INFINITE_RECURSION = YES;
				CLANG_WARN_INT_CONVERSION = YES;
				CLANG_WARN_OBJC_ROOT_CLASS = YES_ERROR;
				CLANG_WARN_SUSPICIOUS_MOVE = YES;
				CLANG_WARN_UNREACHABLE_CODE = YES;
				CLANG_WARN__DUPLICATE_METHOD_MATCH = YES;
				"CODE_SIGN_IDENTITY[sdk=iphoneos*]" = "iPhone Developer";
				COPY_PHASE_STRIP = NO;
				DEBUG_INFORMATION_FORMAT = "dwarf-with-dsym";
				ENABLE_NS_ASSERTIONS = NO;
				ENABLE_STRICT_OBJC_MSGSEND = YES;
				GCC_C_LANGUAGE_STANDARD = gnu99;
				GCC_NO_COMMON_BLOCKS = YES;
				GCC_WARN_64_TO_32_BIT_CONVERSION = YES;
				GCC_WARN_ABOUT_RETURN_TYPE = YES_ERROR;
				GCC_WARN_UNDECLARED_SELECTOR = YES;
				GCC_WARN_UNINITIALIZED_AUTOS = YES_AGGRESSIVE;
				GCC_WARN_UNUSED_FUNCTION = YES;
				GCC_WARN_UNUSED_VARIABLE = YES;
				IPHONEOS_DEPLOYMENT_TARGET = 10.2;
				MTL_ENABLE_DEBUG_INFO = NO;
				SDKROOT = iphoneos;
				VALIDATE_PRODUCT = YES;
			};
			name = Release;
		};
		282F14E81E6F08DE0014DA3D /* Debug */ = {
			isa = XCBuildConfiguration;
			baseConfigurationReference = BBBE090795F1FF0AB4AE0F1B /* Pods-QP_Live.debug.xcconfig */;
			buildSettings = {
				ASSETCATALOG_COMPILER_APPICON_NAME = AppIcon;
				DEVELOPMENT_TEAM = 8E5A83P9AJ;
				INFOPLIST_FILE = QP_Live/Info.plist;
				IPHONEOS_DEPLOYMENT_TARGET = 9.0;
				LD_RUNPATH_SEARCH_PATHS = "$(inherited) @executable_path/Frameworks";
				PRODUCT_BUNDLE_IDENTIFIER = "jackiequ.github.io.QP-Live";
				PRODUCT_NAME = "$(TARGET_NAME)";
			};
			name = Debug;
		};
		282F14E91E6F08DE0014DA3D /* Release */ = {
			isa = XCBuildConfiguration;
			baseConfigurationReference = 313EA7246697FCBED1FBE10F /* Pods-QP_Live.release.xcconfig */;
			buildSettings = {
				ASSETCATALOG_COMPILER_APPICON_NAME = AppIcon;
				DEVELOPMENT_TEAM = 8E5A83P9AJ;
				INFOPLIST_FILE = QP_Live/Info.plist;
				IPHONEOS_DEPLOYMENT_TARGET = 9.0;
				LD_RUNPATH_SEARCH_PATHS = "$(inherited) @executable_path/Frameworks";
				PRODUCT_BUNDLE_IDENTIFIER = "jackiequ.github.io.QP-Live";
				PRODUCT_NAME = "$(TARGET_NAME)";
			};
			name = Release;
		};
/* End XCBuildConfiguration section */

/* Begin XCConfigurationList section */
		282F14CB1E6F08DD0014DA3D /* Build configuration list for PBXProject "QP_Live" */ = {
			isa = XCConfigurationList;
			buildConfigurations = (
				282F14E51E6F08DE0014DA3D /* Debug */,
				282F14E61E6F08DE0014DA3D /* Release */,
			);
			defaultConfigurationIsVisible = 0;
			defaultConfigurationName = Release;
		};
		282F14E71E6F08DE0014DA3D /* Build configuration list for PBXNativeTarget "QP_Live" */ = {
			isa = XCConfigurationList;
			buildConfigurations = (
				282F14E81E6F08DE0014DA3D /* Debug */,
				282F14E91E6F08DE0014DA3D /* Release */,
			);
			defaultConfigurationIsVisible = 0;
			defaultConfigurationName = Release;
		};
/* End XCConfigurationList section */
	};
	rootObject = 282F14C81E6F08DD0014DA3D /* Project object */;
}
